// !$*UTF8*$!
{
	archiveVersion = 1;
	classes = {
	};
	objectVersion = 56;
	objects = {

/* Begin PBXBuildFile section */
		1CAE468829B9DB9200E2F826 /* UserDetailsView.swift in Sources */ = {isa = PBXBuildFile; fileRef = 1CAE468729B9DB9200E2F826 /* UserDetailsView.swift */; };
		1CAE468A29BBB55200E2F826 /* UserFilterTabNavigator.swift in Sources */ = {isa = PBXBuildFile; fileRef = 1CAE468929BBB55200E2F826 /* UserFilterTabNavigator.swift */; };
		1CAE468C29BC761200E2F826 /* CreateTweetView.swift in Sources */ = {isa = PBXBuildFile; fileRef = 1CAE468B29BC761200E2F826 /* CreateTweetView.swift */; };
		1CAE468E29BD033600E2F826 /* TextArea.swift in Sources */ = {isa = PBXBuildFile; fileRef = 1CAE468D29BD033600E2F826 /* TextArea.swift */; };
		1CAE469429BDD7BB00E2F826 /* MainAuthenticationView.swift in Sources */ = {isa = PBXBuildFile; fileRef = 1CAE469329BDD7BB00E2F826 /* MainAuthenticationView.swift */; };
		1CAE469629BDD8E400E2F826 /* SF-Pro-Text-Heavy.otf in Resources */ = {isa = PBXBuildFile; fileRef = 1CAE469529BDD8E400E2F826 /* SF-Pro-Text-Heavy.otf */; };
		1CAE469829BDE4A700E2F826 /* LoginEmailView.swift in Sources */ = {isa = PBXBuildFile; fileRef = 1CAE469729BDE4A700E2F826 /* LoginEmailView.swift */; };
		1CAE469A29BDF6AF00E2F826 /* AuthenticationTextField.swift in Sources */ = {isa = PBXBuildFile; fileRef = 1CAE469929BDF6AF00E2F826 /* AuthenticationTextField.swift */; };
		1CAE469C29BE28F700E2F826 /* LoginPasswordView.swift in Sources */ = {isa = PBXBuildFile; fileRef = 1CAE469B29BE28F700E2F826 /* LoginPasswordView.swift */; };
		1CAE469E29BE29A100E2F826 /* AuthenticationPasswordField.swift in Sources */ = {isa = PBXBuildFile; fileRef = 1CAE469D29BE29A100E2F826 /* AuthenticationPasswordField.swift */; };
		1CAE46A029BE4D3600E2F826 /* RegisterView.swift in Sources */ = {isa = PBXBuildFile; fileRef = 1CAE469F29BE4D3600E2F826 /* RegisterView.swift */; };
		1CCF95E829B5C4EE00DF6BEB /* SearchBar.swift in Sources */ = {isa = PBXBuildFile; fileRef = 1CCF95E729B5C4EE00DF6BEB /* SearchBar.swift */; };
		1CCF95EC29B5C8EC00DF6BEB /* HexColorHelper.swift in Sources */ = {isa = PBXBuildFile; fileRef = 1CCF95EB29B5C8EC00DF6BEB /* HexColorHelper.swift */; };
		1CDEB66229B345F9006DED9B /* TwitterApp.swift in Sources */ = {isa = PBXBuildFile; fileRef = 1CDEB66129B345F9006DED9B /* TwitterApp.swift */; };
		1CDEB66429B345F9006DED9B /* ContentView.swift in Sources */ = {isa = PBXBuildFile; fileRef = 1CDEB66329B345F9006DED9B /* ContentView.swift */; };
		1CDEB66629B345FA006DED9B /* Assets.xcassets in Resources */ = {isa = PBXBuildFile; fileRef = 1CDEB66529B345FA006DED9B /* Assets.xcassets */; };
		1CDEB66A29B345FA006DED9B /* Preview Assets.xcassets in Resources */ = {isa = PBXBuildFile; fileRef = 1CDEB66929B345FA006DED9B /* Preview Assets.xcassets */; };
		1CE97D6929B465A500952B56 /* FeedView.swift in Sources */ = {isa = PBXBuildFile; fileRef = 1CE97D6829B465A500952B56 /* FeedView.swift */; };
		1CE97D9129B4F89800952B56 /* TweetCell.swift in Sources */ = {isa = PBXBuildFile; fileRef = 1CE97D9029B4F89800952B56 /* TweetCell.swift */; };
		1CE97DB429B5BA8B00952B56 /* SF-Pro-Text-Bold.otf in Resources */ = {isa = PBXBuildFile; fileRef = 1CE97DAF29B5BA8A00952B56 /* SF-Pro-Text-Bold.otf */; };
		1CE97DB529B5BA8B00952B56 /* SF-Pro-Text-Medium.otf in Resources */ = {isa = PBXBuildFile; fileRef = 1CE97DB029B5BA8A00952B56 /* SF-Pro-Text-Medium.otf */; };
		1CE97DB629B5BA8B00952B56 /* SF-Pro-Text-Light.otf in Resources */ = {isa = PBXBuildFile; fileRef = 1CE97DB129B5BA8A00952B56 /* SF-Pro-Text-Light.otf */; };
		1CE97DB729B5BA8B00952B56 /* SF-Pro-Text-Semibold.otf in Resources */ = {isa = PBXBuildFile; fileRef = 1CE97DB229B5BA8B00952B56 /* SF-Pro-Text-Semibold.otf */; };
		1CE97DB829B5BA8B00952B56 /* SF-Pro-Text-Regular.otf in Resources */ = {isa = PBXBuildFile; fileRef = 1CE97DB329B5BA8B00952B56 /* SF-Pro-Text-Regular.otf */; };
		1CF8162429B5E6A50063FA5A /* SearchView.swift in Sources */ = {isa = PBXBuildFile; fileRef = 1CF8162329B5E6A50063FA5A /* SearchView.swift */; };
		1CF8162629B5E6D30063FA5A /* SearchUserCell.swift in Sources */ = {isa = PBXBuildFile; fileRef = 1CF8162529B5E6D30063FA5A /* SearchUserCell.swift */; };
		1CF8162829B758A30063FA5A /* MessagesView.swift in Sources */ = {isa = PBXBuildFile; fileRef = 1CF8162729B758A30063FA5A /* MessagesView.swift */; };
		1CF8162A29B759810063FA5A /* MessageUserCell.swift in Sources */ = {isa = PBXBuildFile; fileRef = 1CF8162929B759810063FA5A /* MessageUserCell.swift */; };
		1CF8162C29B779170063FA5A /* NewMessageView.swift in Sources */ = {isa = PBXBuildFile; fileRef = 1CF8162B29B779170063FA5A /* NewMessageView.swift */; };
		1CF8165D29B85D350063FA5A /* ConversationView.swift in Sources */ = {isa = PBXBuildFile; fileRef = 1CF8165C29B85D350063FA5A /* ConversationView.swift */; };
		1CF8165F29B85D450063FA5A /* MessageInput.swift in Sources */ = {isa = PBXBuildFile; fileRef = 1CF8165E29B85D450063FA5A /* MessageInput.swift */; };
		1CF8166129B87CA40063FA5A /* MessageBubble.swift in Sources */ = {isa = PBXBuildFile; fileRef = 1CF8166029B87CA40063FA5A /* MessageBubble.swift */; };
		1CF8166329B89ECE0063FA5A /* Message.swift in Sources */ = {isa = PBXBuildFile; fileRef = 1CF8166229B89ECE0063FA5A /* Message.swift */; };
/* End PBXBuildFile section */

/* Begin PBXFileReference section */
		1CAE468729B9DB9200E2F826 /* UserDetailsView.swift */ = {isa = PBXFileReference; lastKnownFileType = sourcecode.swift; path = UserDetailsView.swift; sourceTree = "<group>"; };
		1CAE468929BBB55200E2F826 /* UserFilterTabNavigator.swift */ = {isa = PBXFileReference; lastKnownFileType = sourcecode.swift; path = UserFilterTabNavigator.swift; sourceTree = "<group>"; };
		1CAE468B29BC761200E2F826 /* CreateTweetView.swift */ = {isa = PBXFileReference; lastKnownFileType = sourcecode.swift; path = CreateTweetView.swift; sourceTree = "<group>"; };
		1CAE468D29BD033600E2F826 /* TextArea.swift */ = {isa = PBXFileReference; lastKnownFileType = sourcecode.swift; path = TextArea.swift; sourceTree = "<group>"; };
		1CAE469329BDD7BB00E2F826 /* MainAuthenticationView.swift */ = {isa = PBXFileReference; lastKnownFileType = sourcecode.swift; path = MainAuthenticationView.swift; sourceTree = "<group>"; };
		1CAE469529BDD8E400E2F826 /* SF-Pro-Text-Heavy.otf */ = {isa = PBXFileReference; lastKnownFileType = file; path = "SF-Pro-Text-Heavy.otf"; sourceTree = "<group>"; };
		1CAE469729BDE4A700E2F826 /* LoginEmailView.swift */ = {isa = PBXFileReference; lastKnownFileType = sourcecode.swift; path = LoginEmailView.swift; sourceTree = "<group>"; };
		1CAE469929BDF6AF00E2F826 /* AuthenticationTextField.swift */ = {isa = PBXFileReference; lastKnownFileType = sourcecode.swift; path = AuthenticationTextField.swift; sourceTree = "<group>"; };
		1CAE469B29BE28F700E2F826 /* LoginPasswordView.swift */ = {isa = PBXFileReference; lastKnownFileType = sourcecode.swift; path = LoginPasswordView.swift; sourceTree = "<group>"; };
		1CAE469D29BE29A100E2F826 /* AuthenticationPasswordField.swift */ = {isa = PBXFileReference; lastKnownFileType = sourcecode.swift; path = AuthenticationPasswordField.swift; sourceTree = "<group>"; };
		1CAE469F29BE4D3600E2F826 /* RegisterView.swift */ = {isa = PBXFileReference; lastKnownFileType = sourcecode.swift; path = RegisterView.swift; sourceTree = "<group>"; };
		1CCF95E729B5C4EE00DF6BEB /* SearchBar.swift */ = {isa = PBXFileReference; lastKnownFileType = sourcecode.swift; path = SearchBar.swift; sourceTree = "<group>"; };
		1CCF95EB29B5C8EC00DF6BEB /* HexColorHelper.swift */ = {isa = PBXFileReference; lastKnownFileType = sourcecode.swift; path = HexColorHelper.swift; sourceTree = "<group>"; };
		1CDEB65E29B345F9006DED9B /* Twitter.app */ = {isa = PBXFileReference; explicitFileType = wrapper.application; includeInIndex = 0; path = Twitter.app; sourceTree = BUILT_PRODUCTS_DIR; };
		1CDEB66129B345F9006DED9B /* TwitterApp.swift */ = {isa = PBXFileReference; lastKnownFileType = sourcecode.swift; path = TwitterApp.swift; sourceTree = "<group>"; };
		1CDEB66329B345F9006DED9B /* ContentView.swift */ = {isa = PBXFileReference; lastKnownFileType = sourcecode.swift; path = ContentView.swift; sourceTree = "<group>"; };
		1CDEB66529B345FA006DED9B /* Assets.xcassets */ = {isa = PBXFileReference; lastKnownFileType = folder.assetcatalog; path = Assets.xcassets; sourceTree = "<group>"; };
		1CDEB66729B345FA006DED9B /* Twitter.entitlements */ = {isa = PBXFileReference; lastKnownFileType = text.plist.entitlements; path = Twitter.entitlements; sourceTree = "<group>"; };
		1CDEB66929B345FA006DED9B /* Preview Assets.xcassets */ = {isa = PBXFileReference; lastKnownFileType = folder.assetcatalog; path = "Preview Assets.xcassets"; sourceTree = "<group>"; };
		1CE97D6829B465A500952B56 /* FeedView.swift */ = {isa = PBXFileReference; lastKnownFileType = sourcecode.swift; path = FeedView.swift; sourceTree = "<group>"; };
		1CE97D9029B4F89800952B56 /* TweetCell.swift */ = {isa = PBXFileReference; lastKnownFileType = sourcecode.swift; path = TweetCell.swift; sourceTree = "<group>"; };
		1CE97D9429B4FCDB00952B56 /* Info.plist */ = {isa = PBXFileReference; lastKnownFileType = text.plist; path = Info.plist; sourceTree = "<group>"; };
		1CE97DAF29B5BA8A00952B56 /* SF-Pro-Text-Bold.otf */ = {isa = PBXFileReference; lastKnownFileType = file; path = "SF-Pro-Text-Bold.otf"; sourceTree = "<group>"; };
		1CE97DB029B5BA8A00952B56 /* SF-Pro-Text-Medium.otf */ = {isa = PBXFileReference; lastKnownFileType = file; path = "SF-Pro-Text-Medium.otf"; sourceTree = "<group>"; };
		1CE97DB129B5BA8A00952B56 /* SF-Pro-Text-Light.otf */ = {isa = PBXFileReference; lastKnownFileType = file; path = "SF-Pro-Text-Light.otf"; sourceTree = "<group>"; };
		1CE97DB229B5BA8B00952B56 /* SF-Pro-Text-Semibold.otf */ = {isa = PBXFileReference; lastKnownFileType = file; path = "SF-Pro-Text-Semibold.otf"; sourceTree = "<group>"; };
		1CE97DB329B5BA8B00952B56 /* SF-Pro-Text-Regular.otf */ = {isa = PBXFileReference; lastKnownFileType = file; path = "SF-Pro-Text-Regular.otf"; sourceTree = "<group>"; };
		1CF8162329B5E6A50063FA5A /* SearchView.swift */ = {isa = PBXFileReference; lastKnownFileType = sourcecode.swift; path = SearchView.swift; sourceTree = "<group>"; };
		1CF8162529B5E6D30063FA5A /* SearchUserCell.swift */ = {isa = PBXFileReference; lastKnownFileType = sourcecode.swift; path = SearchUserCell.swift; sourceTree = "<group>"; };
		1CF8162729B758A30063FA5A /* MessagesView.swift */ = {isa = PBXFileReference; lastKnownFileType = sourcecode.swift; path = MessagesView.swift; sourceTree = "<group>"; };
		1CF8162929B759810063FA5A /* MessageUserCell.swift */ = {isa = PBXFileReference; lastKnownFileType = sourcecode.swift; path = MessageUserCell.swift; sourceTree = "<group>"; };
		1CF8162B29B779170063FA5A /* NewMessageView.swift */ = {isa = PBXFileReference; lastKnownFileType = sourcecode.swift; path = NewMessageView.swift; sourceTree = "<group>"; };
		1CF8165C29B85D350063FA5A /* ConversationView.swift */ = {isa = PBXFileReference; lastKnownFileType = sourcecode.swift; path = ConversationView.swift; sourceTree = "<group>"; };
		1CF8165E29B85D450063FA5A /* MessageInput.swift */ = {isa = PBXFileReference; lastKnownFileType = sourcecode.swift; path = MessageInput.swift; sourceTree = "<group>"; };
		1CF8166029B87CA40063FA5A /* MessageBubble.swift */ = {isa = PBXFileReference; lastKnownFileType = sourcecode.swift; path = MessageBubble.swift; sourceTree = "<group>"; };
		1CF8166229B89ECE0063FA5A /* Message.swift */ = {isa = PBXFileReference; lastKnownFileType = sourcecode.swift; path = Message.swift; sourceTree = "<group>"; };
/* End PBXFileReference section */

/* Begin PBXFrameworksBuildPhase section */
		1CDEB65B29B345F9006DED9B /* Frameworks */ = {
			isa = PBXFrameworksBuildPhase;
			buildActionMask = 2147483647;
			files = (
			);
			runOnlyForDeploymentPostprocessing = 0;
		};
/* End PBXFrameworksBuildPhase section */

/* Begin PBXGroup section */
		1CAE468F29BD9C5000E2F826 /* Search */ = {
			isa = PBXGroup;
			children = (
				1CF8162329B5E6A50063FA5A /* SearchView.swift */,
			);
			path = Search;
			sourceTree = "<group>";
		};
		1CAE469029BD9C6F00E2F826 /* Messages */ = {
			isa = PBXGroup;
			children = (
				1CF8162729B758A30063FA5A /* MessagesView.swift */,
				1CF8162B29B779170063FA5A /* NewMessageView.swift */,
				1CF8165C29B85D350063FA5A /* ConversationView.swift */,
			);
			path = Messages;
			sourceTree = "<group>";
		};
		1CAE469129BD9C8600E2F826 /* Feed */ = {
			isa = PBXGroup;
			children = (
				1CE97D6829B465A500952B56 /* FeedView.swift */,
				1CAE468729B9DB9200E2F826 /* UserDetailsView.swift */,
				1CAE468B29BC761200E2F826 /* CreateTweetView.swift */,
			);
			path = Feed;
			sourceTree = "<group>";
		};
		1CAE469229BDD7A200E2F826 /* Authentication */ = {
			isa = PBXGroup;
			children = (
				1CAE469329BDD7BB00E2F826 /* MainAuthenticationView.swift */,
				1CAE469729BDE4A700E2F826 /* LoginEmailView.swift */,
				1CAE469B29BE28F700E2F826 /* LoginPasswordView.swift */,
				1CAE469F29BE4D3600E2F826 /* RegisterView.swift */,
			);
			path = Authentication;
			sourceTree = "<group>";
		};
		1CCF95E929B5C8D700DF6BEB /* Utils */ = {
			isa = PBXGroup;
			children = (
				1CCF95EB29B5C8EC00DF6BEB /* HexColorHelper.swift */,
			);
			path = Utils;
			sourceTree = "<group>";
		};
		1CDEB65529B345F9006DED9B = {
			isa = PBXGroup;
			children = (
				1CDEB66029B345F9006DED9B /* Twitter */,
				1CDEB65F29B345F9006DED9B /* Products */,
			);
			sourceTree = "<group>";
		};
		1CDEB65F29B345F9006DED9B /* Products */ = {
			isa = PBXGroup;
			children = (
				1CDEB65E29B345F9006DED9B /* Twitter.app */,
			);
			name = Products;
			sourceTree = "<group>";
		};
		1CDEB66029B345F9006DED9B /* Twitter */ = {
			isa = PBXGroup;
			children = (
				1CCF95E929B5C8D700DF6BEB /* Utils */,
				1CE97D9829B5034500952B56 /* Fonts */,
				1CE97D9429B4FCDB00952B56 /* Info.plist */,
				1CE97D6729B4658600952B56 /* ViewModel */,
				1CE97D6629B4658300952B56 /* View */,
				1CE97D6529B4657C00952B56 /* Model */,
				1CDEB66129B345F9006DED9B /* TwitterApp.swift */,
				1CDEB66529B345FA006DED9B /* Assets.xcassets */,
				1CDEB66729B345FA006DED9B /* Twitter.entitlements */,
				1CDEB66829B345FA006DED9B /* Preview Content */,
			);
			path = Twitter;
			sourceTree = "<group>";
		};
		1CDEB66829B345FA006DED9B /* Preview Content */ = {
			isa = PBXGroup;
			children = (
				1CDEB66929B345FA006DED9B /* Preview Assets.xcassets */,
			);
			path = "Preview Content";
			sourceTree = "<group>";
		};
		1CE97D6529B4657C00952B56 /* Model */ = {
			isa = PBXGroup;
			children = (
				1CF8166229B89ECE0063FA5A /* Message.swift */,
			);
			path = Model;
			sourceTree = "<group>";
		};
		1CE97D6629B4658300952B56 /* View */ = {
			isa = PBXGroup;
			children = (
				1CAE469229BDD7A200E2F826 /* Authentication */,
				1CAE469129BD9C8600E2F826 /* Feed */,
				1CAE469029BD9C6F00E2F826 /* Messages */,
				1CAE468F29BD9C5000E2F826 /* Search */,
				1CE97D8F29B4F88600952B56 /* Components */,
				1CDEB66329B345F9006DED9B /* ContentView.swift */,
			);
			path = View;
			sourceTree = "<group>";
		};
		1CE97D6729B4658600952B56 /* ViewModel */ = {
			isa = PBXGroup;
			children = (
			);
			path = ViewModel;
			sourceTree = "<group>";
		};
		1CE97D8F29B4F88600952B56 /* Components */ = {
			isa = PBXGroup;
			children = (
				1CE97D9029B4F89800952B56 /* TweetCell.swift */,
				1CCF95E729B5C4EE00DF6BEB /* SearchBar.swift */,
				1CF8162529B5E6D30063FA5A /* SearchUserCell.swift */,
				1CF8162929B759810063FA5A /* MessageUserCell.swift */,
				1CF8165E29B85D450063FA5A /* MessageInput.swift */,
				1CF8166029B87CA40063FA5A /* MessageBubble.swift */,
				1CAE468929BBB55200E2F826 /* UserFilterTabNavigator.swift */,
				1CAE468D29BD033600E2F826 /* TextArea.swift */,
				1CAE469929BDF6AF00E2F826 /* AuthenticationTextField.swift */,
				1CAE469D29BE29A100E2F826 /* AuthenticationPasswordField.swift */,
			);
			path = Components;
			sourceTree = "<group>";
		};
		1CE97D9829B5034500952B56 /* Fonts */ = {
			isa = PBXGroup;
			children = (
				1CE97DAF29B5BA8A00952B56 /* SF-Pro-Text-Bold.otf */,
				1CE97DB129B5BA8A00952B56 /* SF-Pro-Text-Light.otf */,
				1CAE469529BDD8E400E2F826 /* SF-Pro-Text-Heavy.otf */,
				1CE97DB029B5BA8A00952B56 /* SF-Pro-Text-Medium.otf */,
				1CE97DB329B5BA8B00952B56 /* SF-Pro-Text-Regular.otf */,
				1CE97DB229B5BA8B00952B56 /* SF-Pro-Text-Semibold.otf */,
			);
			path = Fonts;
			sourceTree = "<group>";
		};
/* End PBXGroup section */

/* Begin PBXNativeTarget section */
		1CDEB65D29B345F9006DED9B /* Twitter */ = {
			isa = PBXNativeTarget;
			buildConfigurationList = 1CDEB66D29B345FA006DED9B /* Build configuration list for PBXNativeTarget "Twitter" */;
			buildPhases = (
				1CDEB65A29B345F9006DED9B /* Sources */,
				1CDEB65B29B345F9006DED9B /* Frameworks */,
				1CDEB65C29B345F9006DED9B /* Resources */,
			);
			buildRules = (
			);
			dependencies = (
			);
			name = Twitter;
			productName = Twitter;
			productReference = 1CDEB65E29B345F9006DED9B /* Twitter.app */;
			productType = "com.apple.product-type.application";
		};
/* End PBXNativeTarget section */

/* Begin PBXProject section */
		1CDEB65629B345F9006DED9B /* Project object */ = {
			isa = PBXProject;
			attributes = {
				BuildIndependentTargetsInParallel = 1;
				LastSwiftUpdateCheck = 1420;
				LastUpgradeCheck = 1420;
				TargetAttributes = {
					1CDEB65D29B345F9006DED9B = {
						CreatedOnToolsVersion = 14.2;
					};
				};
			};
			buildConfigurationList = 1CDEB65929B345F9006DED9B /* Build configuration list for PBXProject "Twitter" */;
			compatibilityVersion = "Xcode 14.0";
			developmentRegion = en;
			hasScannedForEncodings = 0;
			knownRegions = (
				en,
				Base,
			);
			mainGroup = 1CDEB65529B345F9006DED9B;
			productRefGroup = 1CDEB65F29B345F9006DED9B /* Products */;
			projectDirPath = "";
			projectRoot = "";
			targets = (
				1CDEB65D29B345F9006DED9B /* Twitter */,
			);
		};
/* End PBXProject section */

/* Begin PBXResourcesBuildPhase section */
		1CDEB65C29B345F9006DED9B /* Resources */ = {
			isa = PBXResourcesBuildPhase;
			buildActionMask = 2147483647;
			files = (
				1CE97DB729B5BA8B00952B56 /* SF-Pro-Text-Semibold.otf in Resources */,
				1CE97DB529B5BA8B00952B56 /* SF-Pro-Text-Medium.otf in Resources */,
				1CDEB66A29B345FA006DED9B /* Preview Assets.xcassets in Resources */,
				1CDEB66629B345FA006DED9B /* Assets.xcassets in Resources */,
				1CE97DB429B5BA8B00952B56 /* SF-Pro-Text-Bold.otf in Resources */,
				1CE97DB629B5BA8B00952B56 /* SF-Pro-Text-Light.otf in Resources */,
				1CE97DB829B5BA8B00952B56 /* SF-Pro-Text-Regular.otf in Resources */,
				1CAE469629BDD8E400E2F826 /* SF-Pro-Text-Heavy.otf in Resources */,
			);
			runOnlyForDeploymentPostprocessing = 0;
		};
/* End PBXResourcesBuildPhase section */

/* Begin PBXSourcesBuildPhase section */
		1CDEB65A29B345F9006DED9B /* Sources */ = {
			isa = PBXSourcesBuildPhase;
			buildActionMask = 2147483647;
			files = (
				1CAE468829B9DB9200E2F826 /* UserDetailsView.swift in Sources */,
				1CF8165F29B85D450063FA5A /* MessageInput.swift in Sources */,
				1CAE468E29BD033600E2F826 /* TextArea.swift in Sources */,
				1CDEB66429B345F9006DED9B /* ContentView.swift in Sources */,
				1CE97D6929B465A500952B56 /* FeedView.swift in Sources */,
				1CAE468A29BBB55200E2F826 /* UserFilterTabNavigator.swift in Sources */,
				1CAE469C29BE28F700E2F826 /* LoginPasswordView.swift in Sources */,
				1CF8166129B87CA40063FA5A /* MessageBubble.swift in Sources */,
				1CF8162829B758A30063FA5A /* MessagesView.swift in Sources */,
				1CCF95E829B5C4EE00DF6BEB /* SearchBar.swift in Sources */,
				1CF8162429B5E6A50063FA5A /* SearchView.swift in Sources */,
				1CAE46A029BE4D3600E2F826 /* RegisterView.swift in Sources */,
				1CF8162629B5E6D30063FA5A /* SearchUserCell.swift in Sources */,
				1CAE469A29BDF6AF00E2F826 /* AuthenticationTextField.swift in Sources */,
				1CF8162A29B759810063FA5A /* MessageUserCell.swift in Sources */,
				1CCF95EC29B5C8EC00DF6BEB /* HexColorHelper.swift in Sources */,
				1CF8162C29B779170063FA5A /* NewMessageView.swift in Sources */,
				1CDEB66229B345F9006DED9B /* TwitterApp.swift in Sources */,
				1CAE469E29BE29A100E2F826 /* AuthenticationPasswordField.swift in Sources */,
				1CAE468C29BC761200E2F826 /* CreateTweetView.swift in Sources */,
				1CAE469829BDE4A700E2F826 /* LoginEmailView.swift in Sources */,
				1CF8166329B89ECE0063FA5A /* Message.swift in Sources */,
				1CE97D9129B4F89800952B56 /* TweetCell.swift in Sources */,
				1CF8165D29B85D350063FA5A /* ConversationView.swift in Sources */,
				1CAE469429BDD7BB00E2F826 /* MainAuthenticationView.swift in Sources */,
			);
			runOnlyForDeploymentPostprocessing = 0;
		};
/* End PBXSourcesBuildPhase section */

/* Begin XCBuildConfiguration section */
		1CDEB66B29B345FA006DED9B /* Debug */ = {
			isa = XCBuildConfiguration;
			buildSettings = {
				ALWAYS_SEARCH_USER_PATHS = NO;
				CLANG_ANALYZER_NONNULL = YES;
				CLANG_ANALYZER_NUMBER_OBJECT_CONVERSION = YES_AGGRESSIVE;
				CLANG_CXX_LANGUAGE_STANDARD = "gnu++20";
				CLANG_ENABLE_MODULES = YES;
				CLANG_ENABLE_OBJC_ARC = YES;
				CLANG_ENABLE_OBJC_WEAK = YES;
				CLANG_WARN_BLOCK_CAPTURE_AUTORELEASING = YES;
				CLANG_WARN_BOOL_CONVERSION = YES;
				CLANG_WARN_COMMA = YES;
				CLANG_WARN_CONSTANT_CONVERSION = YES;
				CLANG_WARN_DEPRECATED_OBJC_IMPLEMENTATIONS = YES;
				CLANG_WARN_DIRECT_OBJC_ISA_USAGE = YES_ERROR;
				CLANG_WARN_DOCUMENTATION_COMMENTS = YES;
				CLANG_WARN_EMPTY_BODY = YES;
				CLANG_WARN_ENUM_CONVERSION = YES;
				CLANG_WARN_INFINITE_RECURSION = YES;
				CLANG_WARN_INT_CONVERSION = YES;
				CLANG_WARN_NON_LITERAL_NULL_CONVERSION = YES;
				CLANG_WARN_OBJC_IMPLICIT_RETAIN_SELF = YES;
				CLANG_WARN_OBJC_LITERAL_CONVERSION = YES;
				CLANG_WARN_OBJC_ROOT_CLASS = YES_ERROR;
				CLANG_WARN_QUOTED_INCLUDE_IN_FRAMEWORK_HEADER = YES;
				CLANG_WARN_RANGE_LOOP_ANALYSIS = YES;
				CLANG_WARN_STRICT_PROTOTYPES = YES;
				CLANG_WARN_SUSPICIOUS_MOVE = YES;
				CLANG_WARN_UNGUARDED_AVAILABILITY = YES_AGGRESSIVE;
				CLANG_WARN_UNREACHABLE_CODE = YES;
				CLANG_WARN__DUPLICATE_METHOD_MATCH = YES;
				COPY_PHASE_STRIP = NO;
				DEBUG_INFORMATION_FORMAT = dwarf;
				ENABLE_STRICT_OBJC_MSGSEND = YES;
				ENABLE_TESTABILITY = YES;
				GCC_C_LANGUAGE_STANDARD = gnu11;
				GCC_DYNAMIC_NO_PIC = NO;
				GCC_NO_COMMON_BLOCKS = YES;
				GCC_OPTIMIZATION_LEVEL = 0;
				GCC_PREPROCESSOR_DEFINITIONS = (
					"DEBUG=1",
					"$(inherited)",
				);
				GCC_WARN_64_TO_32_BIT_CONVERSION = YES;
				GCC_WARN_ABOUT_RETURN_TYPE = YES_ERROR;
				GCC_WARN_UNDECLARED_SELECTOR = YES;
				GCC_WARN_UNINITIALIZED_AUTOS = YES_AGGRESSIVE;
				GCC_WARN_UNUSED_FUNCTION = YES;
				GCC_WARN_UNUSED_VARIABLE = YES;
				MTL_ENABLE_DEBUG_INFO = INCLUDE_SOURCE;
				MTL_FAST_MATH = YES;
				ONLY_ACTIVE_ARCH = YES;
				SWIFT_ACTIVE_COMPILATION_CONDITIONS = DEBUG;
				SWIFT_OPTIMIZATION_LEVEL = "-Onone";
			};
			name = Debug;
		};
		1CDEB66C29B345FA006DED9B /* Release */ = {
			isa = XCBuildConfiguration;
			buildSettings = {
				ALWAYS_SEARCH_USER_PATHS = NO;
				CLANG_ANALYZER_NONNULL = YES;
				CLANG_ANALYZER_NUMBER_OBJECT_CONVERSION = YES_AGGRESSIVE;
				CLANG_CXX_LANGUAGE_STANDARD = "gnu++20";
				CLANG_ENABLE_MODULES = YES;
				CLANG_ENABLE_OBJC_ARC = YES;
				CLANG_ENABLE_OBJC_WEAK = YES;
				CLANG_WARN_BLOCK_CAPTURE_AUTORELEASING = YES;
				CLANG_WARN_BOOL_CONVERSION = YES;
				CLANG_WARN_COMMA = YES;
				CLANG_WARN_CONSTANT_CONVERSION = YES;
				CLANG_WARN_DEPRECATED_OBJC_IMPLEMENTATIONS = YES;
				CLANG_WARN_DIRECT_OBJC_ISA_USAGE = YES_ERROR;
				CLANG_WARN_DOCUMENTATION_COMMENTS = YES;
				CLANG_WARN_EMPTY_BODY = YES;
				CLANG_WARN_ENUM_CONVERSION = YES;
				CLANG_WARN_INFINITE_RECURSION = YES;
				CLANG_WARN_INT_CONVERSION = YES;
				CLANG_WARN_NON_LITERAL_NULL_CONVERSION = YES;
				CLANG_WARN_OBJC_IMPLICIT_RETAIN_SELF = YES;
				CLANG_WARN_OBJC_LITERAL_CONVERSION = YES;
				CLANG_WARN_OBJC_ROOT_CLASS = YES_ERROR;
				CLANG_WARN_QUOTED_INCLUDE_IN_FRAMEWORK_HEADER = YES;
				CLANG_WARN_RANGE_LOOP_ANALYSIS = YES;
				CLANG_WARN_STRICT_PROTOTYPES = YES;
				CLANG_WARN_SUSPICIOUS_MOVE = YES;
				CLANG_WARN_UNGUARDED_AVAILABILITY = YES_AGGRESSIVE;
				CLANG_WARN_UNREACHABLE_CODE = YES;
				CLANG_WARN__DUPLICATE_METHOD_MATCH = YES;
				COPY_PHASE_STRIP = NO;
				DEBUG_INFORMATION_FORMAT = "dwarf-with-dsym";
				ENABLE_NS_ASSERTIONS = NO;
				ENABLE_STRICT_OBJC_MSGSEND = YES;
				GCC_C_LANGUAGE_STANDARD = gnu11;
				GCC_NO_COMMON_BLOCKS = YES;
				GCC_WARN_64_TO_32_BIT_CONVERSION = YES;
				GCC_WARN_ABOUT_RETURN_TYPE = YES_ERROR;
				GCC_WARN_UNDECLARED_SELECTOR = YES;
				GCC_WARN_UNINITIALIZED_AUTOS = YES_AGGRESSIVE;
				GCC_WARN_UNUSED_FUNCTION = YES;
				GCC_WARN_UNUSED_VARIABLE = YES;
				MTL_ENABLE_DEBUG_INFO = NO;
				MTL_FAST_MATH = YES;
				SWIFT_COMPILATION_MODE = wholemodule;
				SWIFT_OPTIMIZATION_LEVEL = "-O";
			};
			name = Release;
		};
		1CDEB66E29B345FA006DED9B /* Debug */ = {
			isa = XCBuildConfiguration;
			buildSettings = {
				ASSETCATALOG_COMPILER_APPICON_NAME = AppIcon;
				ASSETCATALOG_COMPILER_GLOBAL_ACCENT_COLOR_NAME = AccentColor;
				CODE_SIGN_ENTITLEMENTS = Twitter/Twitter.entitlements;
				CODE_SIGN_STYLE = Automatic;
				CURRENT_PROJECT_VERSION = 1;
				DEVELOPMENT_ASSET_PATHS = "\"Twitter/Preview Content\"";
				DEVELOPMENT_TEAM = 2AY3HKGSX6;
				ENABLE_HARDENED_RUNTIME = YES;
				ENABLE_PREVIEWS = YES;
				GENERATE_INFOPLIST_FILE = YES;
				INFOPLIST_FILE = Twitter/Info.plist;
				"INFOPLIST_KEY_UIApplicationSceneManifest_Generation[sdk=iphoneos*]" = YES;
				"INFOPLIST_KEY_UIApplicationSceneManifest_Generation[sdk=iphonesimulator*]" = YES;
				"INFOPLIST_KEY_UIApplicationSupportsIndirectInputEvents[sdk=iphoneos*]" = YES;
				"INFOPLIST_KEY_UIApplicationSupportsIndirectInputEvents[sdk=iphonesimulator*]" = YES;
				"INFOPLIST_KEY_UILaunchScreen_Generation[sdk=iphoneos*]" = YES;
				"INFOPLIST_KEY_UILaunchScreen_Generation[sdk=iphonesimulator*]" = YES;
				"INFOPLIST_KEY_UIStatusBarStyle[sdk=iphoneos*]" = UIStatusBarStyleDefault;
				"INFOPLIST_KEY_UIStatusBarStyle[sdk=iphonesimulator*]" = UIStatusBarStyleDefault;
				INFOPLIST_KEY_UISupportedInterfaceOrientations_iPad = "UIInterfaceOrientationPortrait UIInterfaceOrientationPortraitUpsideDown UIInterfaceOrientationLandscapeLeft UIInterfaceOrientationLandscapeRight";
				INFOPLIST_KEY_UISupportedInterfaceOrientations_iPhone = "UIInterfaceOrientationPortrait UIInterfaceOrientationLandscapeLeft UIInterfaceOrientationLandscapeRight";
				IPHONEOS_DEPLOYMENT_TARGET = 16.2;
				LD_RUNPATH_SEARCH_PATHS = "@executable_path/Frameworks";
				"LD_RUNPATH_SEARCH_PATHS[sdk=macosx*]" = "@executable_path/../Frameworks";
				MACOSX_DEPLOYMENT_TARGET = 13.1;
				MARKETING_VERSION = 1.0;
				PRODUCT_BUNDLE_IDENTIFIER = com.rohanrajesh.Twitter;
				PRODUCT_NAME = "$(TARGET_NAME)";
				SDKROOT = auto;
				SUPPORTED_PLATFORMS = "iphoneos iphonesimulator macosx";
				SWIFT_EMIT_LOC_STRINGS = YES;
				SWIFT_VERSION = 5.0;
				TARGETED_DEVICE_FAMILY = "1,2";
			};
			name = Debug;
		};
		1CDEB66F29B345FA006DED9B /* Release */ = {
			isa = XCBuildConfiguration;
			buildSettings = {
				ASSETCATALOG_COMPILER_APPICON_NAME = AppIcon;
				ASSETCATALOG_COMPILER_GLOBAL_ACCENT_COLOR_NAME = AccentColor;
				CODE_SIGN_ENTITLEMENTS = Twitter/Twitter.entitlements;
				CODE_SIGN_STYLE = Automatic;
				CURRENT_PROJECT_VERSION = 1;
				DEVELOPMENT_ASSET_PATHS = "\"Twitter/Preview Content\"";
				DEVELOPMENT_TEAM = 2AY3HKGSX6;
				ENABLE_HARDENED_RUNTIME = YES;
				ENABLE_PREVIEWS = YES;
				GENERATE_INFOPLIST_FILE = YES;
				INFOPLIST_FILE = Twitter/Info.plist;
				"INFOPLIST_KEY_UIApplicationSceneManifest_Generation[sdk=iphoneos*]" = YES;
				"INFOPLIST_KEY_UIApplicationSceneManifest_Generation[sdk=iphonesimulator*]" = YES;
				"INFOPLIST_KEY_UIApplicationSupportsIndirectInputEvents[sdk=iphoneos*]" = YES;
				"INFOPLIST_KEY_UIApplicationSupportsIndirectInputEvents[sdk=iphonesimulator*]" = YES;
				"INFOPLIST_KEY_UILaunchScreen_Generation[sdk=iphoneos*]" = YES;
				"INFOPLIST_KEY_UILaunchScreen_Generation[sdk=iphonesimulator*]" = YES;
				"INFOPLIST_KEY_UIStatusBarStyle[sdk=iphoneos*]" = UIStatusBarStyleDefault;
				"INFOPLIST_KEY_UIStatusBarStyle[sdk=iphonesimulator*]" = UIStatusBarStyleDefault;
				INFOPLIST_KEY_UISupportedInterfaceOrientations_iPad = "UIInterfaceOrientationPortrait UIInterfaceOrientationPortraitUpsideDown UIInterfaceOrientationLandscapeLeft UIInterfaceOrientationLandscapeRight";
				INFOPLIST_KEY_UISupportedInterfaceOrientations_iPhone = "UIInterfaceOrientationPortrait UIInterfaceOrientationLandscapeLeft UIInterfaceOrientationLandscapeRight";
				IPHONEOS_DEPLOYMENT_TARGET = 16.2;
				LD_RUNPATH_SEARCH_PATHS = "@executable_path/Frameworks";
				"LD_RUNPATH_SEARCH_PATHS[sdk=macosx*]" = "@executable_path/../Frameworks";
				MACOSX_DEPLOYMENT_TARGET = 13.1;
				MARKETING_VERSION = 1.0;
				PRODUCT_BUNDLE_IDENTIFIER = com.rohanrajesh.Twitter;
				PRODUCT_NAME = "$(TARGET_NAME)";
				SDKROOT = auto;
				SUPPORTED_PLATFORMS = "iphoneos iphonesimulator macosx";
				SWIFT_EMIT_LOC_STRINGS = YES;
				SWIFT_VERSION = 5.0;
				TARGETED_DEVICE_FAMILY = "1,2";
			};
			name = Release;
		};
/* End XCBuildConfiguration section */

/* Begin XCConfigurationList section */
		1CDEB65929B345F9006DED9B /* Build configuration list for PBXProject "Twitter" */ = {
			isa = XCConfigurationList;
			buildConfigurations = (
				1CDEB66B29B345FA006DED9B /* Debug */,
				1CDEB66C29B345FA006DED9B /* Release */,
			);
			defaultConfigurationIsVisible = 0;
			defaultConfigurationName = Release;
		};
		1CDEB66D29B345FA006DED9B /* Build configuration list for PBXNativeTarget "Twitter" */ = {
			isa = XCConfigurationList;
			buildConfigurations = (
				1CDEB66E29B345FA006DED9B /* Debug */,
				1CDEB66F29B345FA006DED9B /* Release */,
			);
			defaultConfigurationIsVisible = 0;
			defaultConfigurationName = Release;
		};
/* End XCConfigurationList section */
	};
	rootObject = 1CDEB65629B345F9006DED9B /* Project object */;
}
